// !$*UTF8*$!
{
	archiveVersion = 1;
	classes = {
	};
	objectVersion = 46;
	objects = {

/* Begin PBXBuildFile section */
		865652DA1E644B8E00DA0027 /* main.cpp in Sources */ = {isa = PBXBuildFile; fileRef = 865652D91E644B8E00DA0027 /* main.cpp */; };
		86BEA2531E54A83900F3DF18 /* libopencv_imgproc.dylib in Frameworks */ = {isa = PBXBuildFile; fileRef = 86BEA2521E54A83900F3DF18 /* libopencv_imgproc.dylib */; };
		86C0B4441E48B62E00FBDA87 /* libopencv_highgui.2.4.13.dylib in Frameworks */ = {isa = PBXBuildFile; fileRef = 86C0B4421E48B62E00FBDA87 /* libopencv_highgui.2.4.13.dylib */; };
		86C0B4451E48B62E00FBDA87 /* libopencv_core.2.4.13.dylib in Frameworks */ = {isa = PBXBuildFile; fileRef = 86C0B4431E48B62E00FBDA87 /* libopencv_core.2.4.13.dylib */; };
/* End PBXBuildFile section */

/* Begin PBXCopyFilesBuildPhase section */
		86C0B4351E48B10800FBDA87 /* CopyFiles */ = {
			isa = PBXCopyFilesBuildPhase;
			buildActionMask = 2147483647;
			dstPath = /usr/share/man/man1/;
			dstSubfolderSpec = 0;
			files = (
			);
			runOnlyForDeploymentPostprocessing = 1;
		};
/* End PBXCopyFilesBuildPhase section */

/* Begin PBXFileReference section */
		865652D91E644B8E00DA0027 /* main.cpp */ = {isa = PBXFileReference; fileEncoding = 4; lastKnownFileType = sourcecode.cpp.cpp; path = main.cpp; sourceTree = "<group>"; };
		86BEA2521E54A83900F3DF18 /* libopencv_imgproc.dylib */ = {isa = PBXFileReference; lastKnownFileType = "compiled.mach-o.dylib"; name = libopencv_imgproc.dylib; path = ../../../../../../usr/local/Cellar/opencv/2.4.13.2/lib/libopencv_imgproc.dylib; sourceTree = "<group>"; };
		86C0B4371E48B10800FBDA87 /* feature_vector */ = {isa = PBXFileReference; explicitFileType = "compiled.mach-o.executable"; includeInIndex = 0; path = feature_vector; sourceTree = BUILT_PRODUCTS_DIR; };
		86C0B4421E48B62E00FBDA87 /* libopencv_highgui.2.4.13.dylib */ = {isa = PBXFileReference; lastKnownFileType = "compiled.mach-o.dylib"; name = libopencv_highgui.2.4.13.dylib; path = ../../../../../../usr/local/Cellar/opencv/2.4.13.2/lib/libopencv_highgui.2.4.13.dylib; sourceTree = "<group>"; };
		86C0B4431E48B62E00FBDA87 /* libopencv_core.2.4.13.dylib */ = {isa = PBXFileReference; lastKnownFileType = "compiled.mach-o.dylib"; name = libopencv_core.2.4.13.dylib; path = ../../../../../../usr/local/Cellar/opencv/2.4.13.2/lib/libopencv_core.2.4.13.dylib; sourceTree = "<group>"; };
/* End PBXFileReference section */

/* Begin PBXFrameworksBuildPhase section */
		86C0B4341E48B10800FBDA87 /* Frameworks */ = {
			isa = PBXFrameworksBuildPhase;
			buildActionMask = 2147483647;
			files = (
				86BEA2531E54A83900F3DF18 /* libopencv_imgproc.dylib in Frameworks */,
				86C0B4441E48B62E00FBDA87 /* libopencv_highgui.2.4.13.dylib in Frameworks */,
				86C0B4451E48B62E00FBDA87 /* libopencv_core.2.4.13.dylib in Frameworks */,
			);
			runOnlyForDeploymentPostprocessing = 0;
		};
/* End PBXFrameworksBuildPhase section */

/* Begin PBXGroup section */
		86C0B42E1E48B10700FBDA87 = {
			isa = PBXGroup;
			children = (
				86C0B4411E48B56700FBDA87 /* OpenCV Frameworks */,
				86C0B4391E48B10800FBDA87 /* texture_features */,
				86C0B4381E48B10800FBDA87 /* Products */,
			);
			sourceTree = "<group>";
		};
		86C0B4381E48B10800FBDA87 /* Products */ = {
			isa = PBXGroup;
			children = (
				86C0B4371E48B10800FBDA87 /* feature_vector */,
			);
			name = Products;
			sourceTree = "<group>";
		};
		86C0B4391E48B10800FBDA87 /* texture_features */ = {
			isa = PBXGroup;
			children = (
				865652D91E644B8E00DA0027 /* main.cpp */,
			);
			path = texture_features;
			sourceTree = "<group>";
		};
		86C0B4411E48B56700FBDA87 /* OpenCV Frameworks */ = {
			isa = PBXGroup;
			children = (
				86BEA2521E54A83900F3DF18 /* libopencv_imgproc.dylib */,
				86C0B4421E48B62E00FBDA87 /* libopencv_highgui.2.4.13.dylib */,
				86C0B4431E48B62E00FBDA87 /* libopencv_core.2.4.13.dylib */,
			);
			name = "OpenCV Frameworks";
			sourceTree = "<group>";
		};
/* End PBXGroup section */

/* Begin PBXNativeTarget section */
		86C0B4361E48B10800FBDA87 /* feature_vector */ = {
			isa = PBXNativeTarget;
			buildConfigurationList = 86C0B43E1E48B10800FBDA87 /* Build configuration list for PBXNativeTarget "feature_vector" */;
			buildPhases = (
				86C0B4331E48B10800FBDA87 /* Sources */,
				86C0B4341E48B10800FBDA87 /* Frameworks */,
				86C0B4351E48B10800FBDA87 /* CopyFiles */,
			);
			buildRules = (
			);
			dependencies = (
			);
			name = feature_vector;
			productName = texture_features;
			productReference = 86C0B4371E48B10800FBDA87 /* feature_vector */;
			productType = "com.apple.product-type.tool";
		};
/* End PBXNativeTarget section */

/* Begin PBXProject section */
		86C0B42F1E48B10700FBDA87 /* Project object */ = {
			isa = PBXProject;
			attributes = {
				LastUpgradeCheck = 0820;
				ORGANIZATIONNAME = "Tobias Höfer";
				TargetAttributes = {
					86C0B4361E48B10800FBDA87 = {
						CreatedOnToolsVersion = 8.2.1;
						ProvisioningStyle = Automatic;
					};
				};
			};
			buildConfigurationList = 86C0B4321E48B10800FBDA87 /* Build configuration list for PBXProject "feature_vector" */;
			compatibilityVersion = "Xcode 3.2";
			developmentRegion = English;
			hasScannedForEncodings = 0;
			knownRegions = (
				en,
			);
			mainGroup = 86C0B42E1E48B10700FBDA87;
			productRefGroup = 86C0B4381E48B10800FBDA87 /* Products */;
			projectDirPath = "";
			projectRoot = "";
			targets = (
				86C0B4361E48B10800FBDA87 /* feature_vector */,
			);
		};
/* End PBXProject section */

/* Begin PBXSourcesBuildPhase section */
		86C0B4331E48B10800FBDA87 /* Sources */ = {
			isa = PBXSourcesBuildPhase;
			buildActionMask = 2147483647;
			files = (
				865652DA1E644B8E00DA0027 /* main.cpp in Sources */,
			);
			runOnlyForDeploymentPostprocessing = 0;
		};
/* End PBXSourcesBuildPhase section */

/* Begin XCBuildConfiguration section */
		86C0B43C1E48B10800FBDA87 /* Debug */ = {
			isa = XCBuildConfiguration;
			buildSettings = {
				ALWAYS_SEARCH_USER_PATHS = NO;
				CLANG_ANALYZER_NONNULL = YES;
				CLANG_CXX_LANGUAGE_STANDARD = "gnu++0x";
				CLANG_CXX_LIBRARY = "libc++";
				CLANG_ENABLE_MODULES = YES;
				CLANG_ENABLE_OBJC_ARC = YES;
				CLANG_WARN_BOOL_CONVERSION = YES;
				CLANG_WARN_CONSTANT_CONVERSION = YES;
				CLANG_WARN_DIRECT_OBJC_ISA_USAGE = YES_ERROR;
				CLANG_WARN_DOCUMENTATION_COMMENTS = YES;
				CLANG_WARN_EMPTY_BODY = YES;
				CLANG_WARN_ENUM_CONVERSION = YES;
				CLANG_WARN_INFINITE_RECURSION = YES;
				CLANG_WARN_INT_CONVERSION = YES;
				CLANG_WARN_OBJC_ROOT_CLASS = YES_ERROR;
				CLANG_WARN_SUSPICIOUS_MOVE = YES;
				CLANG_WARN_UNREACHABLE_CODE = YES;
				CLANG_WARN__DUPLICATE_METHOD_MATCH = YES;
				CODE_SIGN_IDENTITY = "-";
				COPY_PHASE_STRIP = NO;
				DEBUG_INFORMATION_FORMAT = dwarf;
				ENABLE_STRICT_OBJC_MSGSEND = YES;
				ENABLE_TESTABILITY = YES;
				GCC_C_LANGUAGE_STANDARD = gnu99;
				GCC_DYNAMIC_NO_PIC = NO;
				GCC_NO_COMMON_BLOCKS = YES;
				GCC_OPTIMIZATION_LEVEL = 0;
				GCC_PREPROCESSOR_DEFINITIONS = (
					"DEBUG=1",
					"$(inherited)",
				);
				GCC_WARN_64_TO_32_BIT_CONVERSION = YES;
				GCC_WARN_ABOUT_RETURN_TYPE = YES_ERROR;
				GCC_WARN_UNDECLARED_SELECTOR = YES;
				GCC_WARN_UNINITIALIZED_AUTOS = YES_AGGRESSIVE;
				GCC_WARN_UNUSED_FUNCTION = YES;
				GCC_WARN_UNUSED_VARIABLE = YES;
				MACOSX_DEPLOYMENT_TARGET = 10.12;
				MTL_ENABLE_DEBUG_INFO = YES;
				ONLY_ACTIVE_ARCH = YES;
				SDKROOT = macosx;
			};
			name = Debug;
		};
		86C0B43D1E48B10800FBDA87 /* Release */ = {
			isa = XCBuildConfiguration;
			buildSettings = {
				ALWAYS_SEARCH_USER_PATHS = NO;
				CLANG_ANALYZER_NONNULL = YES;
				CLANG_CXX_LANGUAGE_STANDARD = "gnu++0x";
				CLANG_CXX_LIBRARY = "libc++";
				CLANG_ENABLE_MODULES = YES;
				CLANG_ENABLE_OBJC_ARC = YES;
				CLANG_WARN_BOOL_CONVERSION = YES;
				CLANG_WARN_CONSTANT_CONVERSION = YES;
				CLANG_WARN_DIRECT_OBJC_ISA_USAGE = YES_ERROR;
				CLANG_WARN_DOCUMENTATION_COMMENTS = YES;
				CLANG_WARN_EMPTY_BODY = YES;
				CLANG_WARN_ENUM_CONVERSION = YES;
				CLANG_WARN_INFINITE_RECURSION = YES;
				CLANG_WARN_INT_CONVERSION = YES;
				CLANG_WARN_OBJC_ROOT_CLASS = YES_ERROR;
				CLANG_WARN_SUSPICIOUS_MOVE = YES;
				CLANG_WARN_UNREACHABLE_CODE = YES;
				CLANG_WARN__DUPLICATE_METHOD_MATCH = YES;
				CODE_SIGN_IDENTITY = "-";
				COPY_PHASE_STRIP = NO;
				DEBUG_INFORMATION_FORMAT = "dwarf-with-dsym";
				ENABLE_NS_ASSERTIONS = NO;
				ENABLE_STRICT_OBJC_MSGSEND = YES;
				GCC_C_LANGUAGE_STANDARD = gnu99;
				GCC_NO_COMMON_BLOCKS = YES;
				GCC_WARN_64_TO_32_BIT_CONVERSION = YES;
				GCC_WARN_ABOUT_RETURN_TYPE = YES_ERROR;
				GCC_WARN_UNDECLARED_SELECTOR = YES;
				GCC_WARN_UNINITIALIZED_AUTOS = YES_AGGRESSIVE;
				GCC_WARN_UNUSED_FUNCTION = YES;
				GCC_WARN_UNUSED_VARIABLE = YES;
				MACOSX_DEPLOYMENT_TARGET = 10.12;
				MTL_ENABLE_DEBUG_INFO = NO;
				SDKROOT = macosx;
			};
			name = Release;
		};
		86C0B43F1E48B10800FBDA87 /* Debug */ = {
			isa = XCBuildConfiguration;
			buildSettings = {
				HEADER_SEARCH_PATHS = /usr/local/include;
				LIBRARY_SEARCH_PATHS = (
					"$(inherited)",
					/usr/local/Cellar/opencv/2.4.13.2/lib,
				);
				PRODUCT_NAME = "$(TARGET_NAME)";
			};
			name = Debug;
		};
		86C0B4401E48B10800FBDA87 /* Release */ = {
			isa = XCBuildConfiguration;
			buildSettings = {
				HEADER_SEARCH_PATHS = /usr/local/include;
				LIBRARY_SEARCH_PATHS = (
					"$(inherited)",
					/usr/local/Cellar/opencv/2.4.13.2/lib,
				);
				PRODUCT_NAME = "$(TARGET_NAME)";
			};
			name = Release;
		};
/* End XCBuildConfiguration section */

/* Begin XCConfigurationList section */
		86C0B4321E48B10800FBDA87 /* Build configuration list for PBXProject "feature_vector" */ = {
			isa = XCConfigurationList;
			buildConfigurations = (
				86C0B43C1E48B10800FBDA87 /* Debug */,
				86C0B43D1E48B10800FBDA87 /* Release */,
			);
			defaultConfigurationIsVisible = 0;
			defaultConfigurationName = Release;
		};
		86C0B43E1E48B10800FBDA87 /* Build configuration list for PBXNativeTarget "feature_vector" */ = {
			isa = XCConfigurationList;
			buildConfigurations = (
				86C0B43F1E48B10800FBDA87 /* Debug */,
				86C0B4401E48B10800FBDA87 /* Release */,
			);
			defaultConfigurationIsVisible = 0;
			defaultConfigurationName = Release;
		};
/* End XCConfigurationList section */
	};
	rootObject = 86C0B42F1E48B10700FBDA87 /* Project object */;
}
